
Microsoft Visual Studio Solution File, Format Version 12.00
# Visual Studio Version 17
VisualStudioVersion = 17.5.002.0
MinimumVisualStudioVersion = 10.0.40219.1
Project("{9A19103F-16F7-4668-BE54-9A1E7A4F7556}") = "Sistema De Funcionarios MVC", "Sistema De Funcionarios MVC.csproj", "{7CA16631-DADF-4278-8ED1-A313AEDFEBAF}"
EndProject
Global
	GlobalSection(SolutionConfigurationPlatforms) = preSolution
		Debug|Any CPU = Debug|Any CPU
		Release|Any CPU = Release|Any CPU
	EndGlobalSection
	GlobalSection(ProjectConfigurationPlatforms) = postSolution
		{7CA16631-DADF-4278-8ED1-A313AEDFEBAF}.Debug|Any CPU.ActiveCfg = Debug|Any CPU
		{7CA16631-DADF-4278-8ED1-A313AEDFEBAF}.Debug|Any CPU.Build.0 = Debug|Any CPU
		{7CA16631-DADF-4278-8ED1-A313AEDFEBAF}.Release|Any CPU.ActiveCfg = Release|Any CPU
		{7CA16631-DADF-4278-8ED1-A313AEDFEBAF}.Release|Any CPU.Build.0 = Release|Any CPU
	EndGlobalSection
	GlobalSection(SolutionProperties) = preSolution
		HideSolutionNode = FALSE
	EndGlobalSection
	GlobalSection(ExtensibilityGlobals) = postSolution
		SolutionGuid = {265C361B-3A02-4DEA-A0D0-21A71610ED42}
	EndGlobalSection
EndGlobal
